PODS:
  - SnapKit (5.0.1)
  - SwiftLint (0.43.1)

DEPENDENCIES:
  - SnapKit
  - SwiftLint

SPEC REPOS:
  trunk:
    - SnapKit
    - SwiftLint

SPEC CHECKSUMS:
  SnapKit: 97b92857e3df3a0c71833cce143274bf6ef8e5eb
  SwiftLint: 99f82d07b837b942dd563c668de129a03fc3fb52

PODFILE CHECKSUM: d8d194015f42beb8da72011340e0df4deca138c1

COCOAPODS: 1.10.1
